
Microsoft Visual Studio Solution File, Format Version 12.00
# Visual Studio Version 17
VisualStudioVersion = 17.14.36623.8 d17.14
MinimumVisualStudioVersion = 10.0.40219.1
Project("{FAE04EC0-301F-11D3-BF4B-00C04F79EFBC}") = "AdministratieProgramma", "AdministratieProgramma.csproj", "{21A72827-E07C-4461-9CD9-F8E38766607D}"
EndProject
Global
	GlobalSection(SolutionConfigurationPlatforms) = preSolution
		Debug|Any CPU = Debug|Any CPU
		Release|Any CPU = Release|Any CPU
	EndGlobalSection
	GlobalSection(ProjectConfigurationPlatforms) = postSolution
		{21A72827-E07C-4461-9CD9-F8E38766607D}.Debug|Any CPU.ActiveCfg = Debug|Any CPU
		{21A72827-E07C-4461-9CD9-F8E38766607D}.Debug|Any CPU.Build.0 = Debug|Any CPU
		{21A72827-E07C-4461-9CD9-F8E38766607D}.Release|Any CPU.ActiveCfg = Release|Any CPU
		{21A72827-E07C-4461-9CD9-F8E38766607D}.Release|Any CPU.Build.0 = Release|Any CPU
	EndGlobalSection
	GlobalSection(SolutionProperties) = preSolution
		HideSolutionNode = FALSE
	EndGlobalSection
	GlobalSection(ExtensibilityGlobals) = postSolution
		SolutionGuid = {C8DC4C78-7B96-4916-84F5-B88F0F112D42}
	EndGlobalSection
EndGlobal
